# This file is automatically @generated by Cargo.
# It is not intended for manual editing.
version = 4

[[package]]
name = "arcode"
version = "0.2.4"
source = "registry+https://github.com/rust-lang/crates.io-index"
checksum = "7cf9ecf0f36fbecd0fd1be1eaa0b25fc67051d9a2f6b25892e6e6ebb7db629cb"
dependencies = [
 "bitbit",
 "fenwick",
]

[[package]]
name = "bitbit"
version = "0.2.0"
source = "registry+https://github.com/rust-lang/crates.io-index"
checksum = "341ee439c53e593fa7de26dead9515601539b6cf9a53e3368c1405471e3ea322"

[[package]]
name = "fenwick"
version = "1.0.0"
source = "registry+https://github.com/rust-lang/crates.io-index"
checksum = "5ad8c7269456fd609f700340399dca5fa160c4785c9623f87b6079e5a479f28b"

[[package]]
name = "rs-ppmc"
version = "0.1.0"
dependencies = [
 "arcode",
 "bitbit",
]
